// !$*UTF8*$!
{
	archiveVersion = 1;
	classes = {
	};
	objectVersion = 55;
	objects = {

/* Begin PBXBuildFile section */
		F2261902267CCDD900CC3796 /* Tests_iOS.swift in Sources */ = {isa = PBXBuildFile; fileRef = F2261901267CCDD900CC3796 /* Tests_iOS.swift */; };
		F226190C267CCDD900CC3796 /* Tests_macOS.swift in Sources */ = {isa = PBXBuildFile; fileRef = F226190B267CCDD900CC3796 /* Tests_macOS.swift */; };
		F226190D267CCDD900CC3796 /* Open_Shop_Channel_DownloaderApp.swift in Sources */ = {isa = PBXBuildFile; fileRef = F22618EB267CCDD700CC3796 /* Open_Shop_Channel_DownloaderApp.swift */; };
		F226190E267CCDD900CC3796 /* Open_Shop_Channel_DownloaderApp.swift in Sources */ = {isa = PBXBuildFile; fileRef = F22618EB267CCDD700CC3796 /* Open_Shop_Channel_DownloaderApp.swift */; };
		F226190F267CCDD900CC3796 /* ContentView.swift in Sources */ = {isa = PBXBuildFile; fileRef = F22618EC267CCDD700CC3796 /* ContentView.swift */; };
		F2261910267CCDD900CC3796 /* ContentView.swift in Sources */ = {isa = PBXBuildFile; fileRef = F22618EC267CCDD700CC3796 /* ContentView.swift */; };
		F2261911267CCDD900CC3796 /* Assets.xcassets in Resources */ = {isa = PBXBuildFile; fileRef = F22618ED267CCDD900CC3796 /* Assets.xcassets */; };
		F2261912267CCDD900CC3796 /* Assets.xcassets in Resources */ = {isa = PBXBuildFile; fileRef = F22618ED267CCDD900CC3796 /* Assets.xcassets */; };
		F2261928267CCE4A00CC3796 /* osc.swift in Sources */ = {isa = PBXBuildFile; fileRef = F2261927267CCE4A00CC3796 /* osc.swift */; };
		F2261929267CCE4A00CC3796 /* osc.swift in Sources */ = {isa = PBXBuildFile; fileRef = F2261927267CCE4A00CC3796 /* osc.swift */; };
		F226192B267CCEE900CC3796 /* wiiload.swift in Sources */ = {isa = PBXBuildFile; fileRef = F226192A267CCEE800CC3796 /* wiiload.swift */; };
		F226192C267CCEE900CC3796 /* wiiload.swift in Sources */ = {isa = PBXBuildFile; fileRef = F226192A267CCEE800CC3796 /* wiiload.swift */; };
		F226192F267CCF5000CC3796 /* ZIPFoundation in Frameworks */ = {isa = PBXBuildFile; productRef = F226192E267CCF5000CC3796 /* ZIPFoundation */; };
		F2261932267CCF8000CC3796 /* ZIPFoundation in Frameworks */ = {isa = PBXBuildFile; productRef = F2261931267CCF8000CC3796 /* ZIPFoundation */; };
		F2261936267CD45800CC3796 /* NIO in Frameworks */ = {isa = PBXBuildFile; productRef = F2261935267CD45800CC3796 /* NIO */; };
		F2261938267CD46700CC3796 /* NIO in Frameworks */ = {isa = PBXBuildFile; productRef = F2261937267CD46700CC3796 /* NIO */; };
		F2C5C2FF267FD21C008E2F5D /* AppData.swift in Sources */ = {isa = PBXBuildFile; fileRef = F2C5C2FE267FD21C008E2F5D /* AppData.swift */; };
		F2C5C300267FD21C008E2F5D /* AppData.swift in Sources */ = {isa = PBXBuildFile; fileRef = F2C5C2FE267FD21C008E2F5D /* AppData.swift */; };
		F2CAA6E62680E9A000D1ADDB /* utils.swift in Sources */ = {isa = PBXBuildFile; fileRef = F2CAA6E52680E9A000D1ADDB /* utils.swift */; };
		F2CAA6E72680E9A000D1ADDB /* utils.swift in Sources */ = {isa = PBXBuildFile; fileRef = F2CAA6E52680E9A000D1ADDB /* utils.swift */; };
/* End PBXBuildFile section */

/* Begin PBXContainerItemProxy section */
		F22618FE267CCDD900CC3796 /* PBXContainerItemProxy */ = {
			isa = PBXContainerItemProxy;
			containerPortal = F22618E6267CCDD700CC3796 /* Project object */;
			proxyType = 1;
			remoteGlobalIDString = F22618F1267CCDD900CC3796;
			remoteInfo = "Open Shop Channel Downloader (iOS)";
		};
		F2261908267CCDD900CC3796 /* PBXContainerItemProxy */ = {
			isa = PBXContainerItemProxy;
			containerPortal = F22618E6267CCDD700CC3796 /* Project object */;
			proxyType = 1;
			remoteGlobalIDString = F22618F7267CCDD900CC3796;
			remoteInfo = "Open Shop Channel Downloader (macOS)";
		};
/* End PBXContainerItemProxy section */

/* Begin PBXFileReference section */
		F22618EB267CCDD700CC3796 /* Open_Shop_Channel_DownloaderApp.swift */ = {isa = PBXFileReference; lastKnownFileType = sourcecode.swift; path = Open_Shop_Channel_DownloaderApp.swift; sourceTree = "<group>"; };
		F22618EC267CCDD700CC3796 /* ContentView.swift */ = {isa = PBXFileReference; lastKnownFileType = sourcecode.swift; path = ContentView.swift; sourceTree = "<group>"; };
		F22618ED267CCDD900CC3796 /* Assets.xcassets */ = {isa = PBXFileReference; lastKnownFileType = folder.assetcatalog; path = Assets.xcassets; sourceTree = "<group>"; };
		F22618F2267CCDD900CC3796 /* Open Shop Channel Downloader.app */ = {isa = PBXFileReference; explicitFileType = wrapper.application; includeInIndex = 0; path = "Open Shop Channel Downloader.app"; sourceTree = BUILT_PRODUCTS_DIR; };
		F22618F8267CCDD900CC3796 /* Open Shop Channel Downloader.app */ = {isa = PBXFileReference; explicitFileType = wrapper.application; includeInIndex = 0; path = "Open Shop Channel Downloader.app"; sourceTree = BUILT_PRODUCTS_DIR; };
		F22618FD267CCDD900CC3796 /* Tests iOS.xctest */ = {isa = PBXFileReference; explicitFileType = wrapper.cfbundle; includeInIndex = 0; path = "Tests iOS.xctest"; sourceTree = BUILT_PRODUCTS_DIR; };
		F2261901267CCDD900CC3796 /* Tests_iOS.swift */ = {isa = PBXFileReference; lastKnownFileType = sourcecode.swift; path = Tests_iOS.swift; sourceTree = "<group>"; };
		F2261907267CCDD900CC3796 /* Tests macOS.xctest */ = {isa = PBXFileReference; explicitFileType = wrapper.cfbundle; includeInIndex = 0; path = "Tests macOS.xctest"; sourceTree = BUILT_PRODUCTS_DIR; };
		F226190B267CCDD900CC3796 /* Tests_macOS.swift */ = {isa = PBXFileReference; lastKnownFileType = sourcecode.swift; path = Tests_macOS.swift; sourceTree = "<group>"; };
		F2261927267CCE4A00CC3796 /* osc.swift */ = {isa = PBXFileReference; lastKnownFileType = sourcecode.swift; path = osc.swift; sourceTree = "<group>"; };
		F226192A267CCEE800CC3796 /* wiiload.swift */ = {isa = PBXFileReference; lastKnownFileType = sourcecode.swift; path = wiiload.swift; sourceTree = "<group>"; };
		F2261933267CCF9F00CC3796 /* Open Shop Channel Downloader.entitlements */ = {isa = PBXFileReference; lastKnownFileType = text.plist.entitlements; path = "Open Shop Channel Downloader.entitlements"; sourceTree = "<group>"; };
		F2C5C2FE267FD21C008E2F5D /* AppData.swift */ = {isa = PBXFileReference; lastKnownFileType = sourcecode.swift; path = AppData.swift; sourceTree = "<group>"; };
		F2CAA6E52680E9A000D1ADDB /* utils.swift */ = {isa = PBXFileReference; lastKnownFileType = sourcecode.swift; path = utils.swift; sourceTree = "<group>"; };
/* End PBXFileReference section */

/* Begin PBXFrameworksBuildPhase section */
		F22618EF267CCDD900CC3796 /* Frameworks */ = {
			isa = PBXFrameworksBuildPhase;
			buildActionMask = 2147483647;
			files = (
				F2261932267CCF8000CC3796 /* ZIPFoundation in Frameworks */,
				F2261938267CD46700CC3796 /* NIO in Frameworks */,
			);
			runOnlyForDeploymentPostprocessing = 0;
		};
		F22618F5267CCDD900CC3796 /* Frameworks */ = {
			isa = PBXFrameworksBuildPhase;
			buildActionMask = 2147483647;
			files = (
				F226192F267CCF5000CC3796 /* ZIPFoundation in Frameworks */,
				F2261936267CD45800CC3796 /* NIO in Frameworks */,
			);
			runOnlyForDeploymentPostprocessing = 0;
		};
		F22618FA267CCDD900CC3796 /* Frameworks */ = {
			isa = PBXFrameworksBuildPhase;
			buildActionMask = 2147483647;
			files = (
			);
			runOnlyForDeploymentPostprocessing = 0;
		};
		F2261904267CCDD900CC3796 /* Frameworks */ = {
			isa = PBXFrameworksBuildPhase;
			buildActionMask = 2147483647;
			files = (
			);
			runOnlyForDeploymentPostprocessing = 0;
		};
/* End PBXFrameworksBuildPhase section */

/* Begin PBXGroup section */
		F22618E5267CCDD700CC3796 = {
			isa = PBXGroup;
			children = (
				F2261933267CCF9F00CC3796 /* Open Shop Channel Downloader.entitlements */,
				F22618EA267CCDD700CC3796 /* Shared */,
				F2261900267CCDD900CC3796 /* Tests iOS */,
				F226190A267CCDD900CC3796 /* Tests macOS */,
				F22618F3267CCDD900CC3796 /* Products */,
				F2261930267CCF8000CC3796 /* Frameworks */,
			);
			sourceTree = "<group>";
		};
		F22618EA267CCDD700CC3796 /* Shared */ = {
			isa = PBXGroup;
			children = (
				F22618EB267CCDD700CC3796 /* Open_Shop_Channel_DownloaderApp.swift */,
				F22618EC267CCDD700CC3796 /* ContentView.swift */,
				F2261927267CCE4A00CC3796 /* osc.swift */,
				F2CAA6E52680E9A000D1ADDB /* utils.swift */,
				F2C5C2FE267FD21C008E2F5D /* AppData.swift */,
				F226192A267CCEE800CC3796 /* wiiload.swift */,
				F22618ED267CCDD900CC3796 /* Assets.xcassets */,
			);
			path = Shared;
			sourceTree = "<group>";
		};
		F22618F3267CCDD900CC3796 /* Products */ = {
			isa = PBXGroup;
			children = (
				F22618F2267CCDD900CC3796 /* Open Shop Channel Downloader.app */,
				F22618F8267CCDD900CC3796 /* Open Shop Channel Downloader.app */,
				F22618FD267CCDD900CC3796 /* Tests iOS.xctest */,
				F2261907267CCDD900CC3796 /* Tests macOS.xctest */,
			);
			name = Products;
			sourceTree = "<group>";
		};
		F2261900267CCDD900CC3796 /* Tests iOS */ = {
			isa = PBXGroup;
			children = (
				F2261901267CCDD900CC3796 /* Tests_iOS.swift */,
			);
			path = "Tests iOS";
			sourceTree = "<group>";
		};
		F226190A267CCDD900CC3796 /* Tests macOS */ = {
			isa = PBXGroup;
			children = (
				F226190B267CCDD900CC3796 /* Tests_macOS.swift */,
			);
			path = "Tests macOS";
			sourceTree = "<group>";
		};
		F2261930267CCF8000CC3796 /* Frameworks */ = {
			isa = PBXGroup;
			children = (
			);
			name = Frameworks;
			sourceTree = "<group>";
		};
/* End PBXGroup section */

/* Begin PBXNativeTarget section */
		F22618F1267CCDD900CC3796 /* Open Shop Channel Downloader (iOS) */ = {
			isa = PBXNativeTarget;
			buildConfigurationList = F2261915267CCDD900CC3796 /* Build configuration list for PBXNativeTarget "Open Shop Channel Downloader (iOS)" */;
			buildPhases = (
				F22618EE267CCDD900CC3796 /* Sources */,
				F22618EF267CCDD900CC3796 /* Frameworks */,
				F22618F0267CCDD900CC3796 /* Resources */,
			);
			buildRules = (
			);
			dependencies = (
			);
			name = "Open Shop Channel Downloader (iOS)";
			packageProductDependencies = (
				F2261931267CCF8000CC3796 /* ZIPFoundation */,
				F2261937267CD46700CC3796 /* NIO */,
			);
			productName = "Open Shop Channel Downloader (iOS)";
			productReference = F22618F2267CCDD900CC3796 /* Open Shop Channel Downloader.app */;
			productType = "com.apple.product-type.application";
		};
		F22618F7267CCDD900CC3796 /* Open Shop Channel Downloader (macOS) */ = {
			isa = PBXNativeTarget;
			buildConfigurationList = F2261918267CCDD900CC3796 /* Build configuration list for PBXNativeTarget "Open Shop Channel Downloader (macOS)" */;
			buildPhases = (
				F22618F4267CCDD900CC3796 /* Sources */,
				F22618F5267CCDD900CC3796 /* Frameworks */,
				F22618F6267CCDD900CC3796 /* Resources */,
			);
			buildRules = (
			);
			dependencies = (
			);
			name = "Open Shop Channel Downloader (macOS)";
			packageProductDependencies = (
				F226192E267CCF5000CC3796 /* ZIPFoundation */,
				F2261935267CD45800CC3796 /* NIO */,
			);
			productName = "Open Shop Channel Downloader (macOS)";
			productReference = F22618F8267CCDD900CC3796 /* Open Shop Channel Downloader.app */;
			productType = "com.apple.product-type.application";
		};
		F22618FC267CCDD900CC3796 /* Tests iOS */ = {
			isa = PBXNativeTarget;
			buildConfigurationList = F226191B267CCDD900CC3796 /* Build configuration list for PBXNativeTarget "Tests iOS" */;
			buildPhases = (
				F22618F9267CCDD900CC3796 /* Sources */,
				F22618FA267CCDD900CC3796 /* Frameworks */,
				F22618FB267CCDD900CC3796 /* Resources */,
			);
			buildRules = (
			);
			dependencies = (
				F22618FF267CCDD900CC3796 /* PBXTargetDependency */,
			);
			name = "Tests iOS";
			productName = "Tests iOS";
			productReference = F22618FD267CCDD900CC3796 /* Tests iOS.xctest */;
			productType = "com.apple.product-type.bundle.ui-testing";
		};
		F2261906267CCDD900CC3796 /* Tests macOS */ = {
			isa = PBXNativeTarget;
			buildConfigurationList = F226191E267CCDD900CC3796 /* Build configuration list for PBXNativeTarget "Tests macOS" */;
			buildPhases = (
				F2261903267CCDD900CC3796 /* Sources */,
				F2261904267CCDD900CC3796 /* Frameworks */,
				F2261905267CCDD900CC3796 /* Resources */,
			);
			buildRules = (
			);
			dependencies = (
				F2261909267CCDD900CC3796 /* PBXTargetDependency */,
			);
			name = "Tests macOS";
			productName = "Tests macOS";
			productReference = F2261907267CCDD900CC3796 /* Tests macOS.xctest */;
			productType = "com.apple.product-type.bundle.ui-testing";
		};
/* End PBXNativeTarget section */

/* Begin PBXProject section */
		F22618E6267CCDD700CC3796 /* Project object */ = {
			isa = PBXProject;
			attributes = {
				BuildIndependentTargetsInParallel = 1;
				LastSwiftUpdateCheck = 1300;
				LastUpgradeCheck = 1300;
				TargetAttributes = {
					F22618F1267CCDD900CC3796 = {
						CreatedOnToolsVersion = 13.0;
					};
					F22618F7267CCDD900CC3796 = {
						CreatedOnToolsVersion = 13.0;
					};
					F22618FC267CCDD900CC3796 = {
						CreatedOnToolsVersion = 13.0;
						TestTargetID = F22618F1267CCDD900CC3796;
					};
					F2261906267CCDD900CC3796 = {
						CreatedOnToolsVersion = 13.0;
						TestTargetID = F22618F7267CCDD900CC3796;
					};
				};
			};
			buildConfigurationList = F22618E9267CCDD700CC3796 /* Build configuration list for PBXProject "Open Shop Channel Downloader" */;
			compatibilityVersion = "Xcode 13.0";
			developmentRegion = en;
			hasScannedForEncodings = 0;
			knownRegions = (
				en,
				Base,
			);
			mainGroup = F22618E5267CCDD700CC3796;
			packageReferences = (
				F226192D267CCF5000CC3796 /* XCRemoteSwiftPackageReference "ZIPFoundation" */,
				F2261934267CD45800CC3796 /* XCRemoteSwiftPackageReference "swift-nio" */,
			);
			productRefGroup = F22618F3267CCDD900CC3796 /* Products */;
			projectDirPath = "";
			projectRoot = "";
			targets = (
				F22618F1267CCDD900CC3796 /* Open Shop Channel Downloader (iOS) */,
				F22618F7267CCDD900CC3796 /* Open Shop Channel Downloader (macOS) */,
				F22618FC267CCDD900CC3796 /* Tests iOS */,
				F2261906267CCDD900CC3796 /* Tests macOS */,
			);
		};
/* End PBXProject section */

/* Begin PBXResourcesBuildPhase section */
		F22618F0267CCDD900CC3796 /* Resources */ = {
			isa = PBXResourcesBuildPhase;
			buildActionMask = 2147483647;
			files = (
				F2261911267CCDD900CC3796 /* Assets.xcassets in Resources */,
			);
			runOnlyForDeploymentPostprocessing = 0;
		};
		F22618F6267CCDD900CC3796 /* Resources */ = {
			isa = PBXResourcesBuildPhase;
			buildActionMask = 2147483647;
			files = (
				F2261912267CCDD900CC3796 /* Assets.xcassets in Resources */,
			);
			runOnlyForDeploymentPostprocessing = 0;
		};
		F22618FB267CCDD900CC3796 /* Resources */ = {
			isa = PBXResourcesBuildPhase;
			buildActionMask = 2147483647;
			files = (
			);
			runOnlyForDeploymentPostprocessing = 0;
		};
		F2261905267CCDD900CC3796 /* Resources */ = {
			isa = PBXResourcesBuildPhase;
			buildActionMask = 2147483647;
			files = (
			);
			runOnlyForDeploymentPostprocessing = 0;
		};
/* End PBXResourcesBuildPhase section */

/* Begin PBXSourcesBuildPhase section */
		F22618EE267CCDD900CC3796 /* Sources */ = {
			isa = PBXSourcesBuildPhase;
			buildActionMask = 2147483647;
			files = (
				F226190F267CCDD900CC3796 /* ContentView.swift in Sources */,
				F226192B267CCEE900CC3796 /* wiiload.swift in Sources */,
				F2261928267CCE4A00CC3796 /* osc.swift in Sources */,
				F2CAA6E62680E9A000D1ADDB /* utils.swift in Sources */,
				F226190D267CCDD900CC3796 /* Open_Shop_Channel_DownloaderApp.swift in Sources */,
				F2C5C2FF267FD21C008E2F5D /* AppData.swift in Sources */,
			);
			runOnlyForDeploymentPostprocessing = 0;
		};
		F22618F4267CCDD900CC3796 /* Sources */ = {
			isa = PBXSourcesBuildPhase;
			buildActionMask = 2147483647;
			files = (
				F2261910267CCDD900CC3796 /* ContentView.swift in Sources */,
				F226192C267CCEE900CC3796 /* wiiload.swift in Sources */,
				F2261929267CCE4A00CC3796 /* osc.swift in Sources */,
				F2CAA6E72680E9A000D1ADDB /* utils.swift in Sources */,
				F226190E267CCDD900CC3796 /* Open_Shop_Channel_DownloaderApp.swift in Sources */,
				F2C5C300267FD21C008E2F5D /* AppData.swift in Sources */,
			);
			runOnlyForDeploymentPostprocessing = 0;
		};
		F22618F9267CCDD900CC3796 /* Sources */ = {
			isa = PBXSourcesBuildPhase;
			buildActionMask = 2147483647;
			files = (
				F2261902267CCDD900CC3796 /* Tests_iOS.swift in Sources */,
			);
			runOnlyForDeploymentPostprocessing = 0;
		};
		F2261903267CCDD900CC3796 /* Sources */ = {
			isa = PBXSourcesBuildPhase;
			buildActionMask = 2147483647;
			files = (
				F226190C267CCDD900CC3796 /* Tests_macOS.swift in Sources */,
			);
			runOnlyForDeploymentPostprocessing = 0;
		};
/* End PBXSourcesBuildPhase section */

/* Begin PBXTargetDependency section */
		F22618FF267CCDD900CC3796 /* PBXTargetDependency */ = {
			isa = PBXTargetDependency;
			target = F22618F1267CCDD900CC3796 /* Open Shop Channel Downloader (iOS) */;
			targetProxy = F22618FE267CCDD900CC3796 /* PBXContainerItemProxy */;
		};
		F2261909267CCDD900CC3796 /* PBXTargetDependency */ = {
			isa = PBXTargetDependency;
			target = F22618F7267CCDD900CC3796 /* Open Shop Channel Downloader (macOS) */;
			targetProxy = F2261908267CCDD900CC3796 /* PBXContainerItemProxy */;
		};
/* End PBXTargetDependency section */

/* Begin XCBuildConfiguration section */
		F2261913267CCDD900CC3796 /* Debug */ = {
			isa = XCBuildConfiguration;
			buildSettings = {
				ALWAYS_SEARCH_USER_PATHS = NO;
				CLANG_ANALYZER_NONNULL = YES;
				CLANG_ANALYZER_NUMBER_OBJECT_CONVERSION = YES_AGGRESSIVE;
				CLANG_CXX_LANGUAGE_STANDARD = "gnu++14";
				CLANG_CXX_LIBRARY = "libc++";
				CLANG_ENABLE_MODULES = YES;
				CLANG_ENABLE_OBJC_ARC = YES;
				CLANG_ENABLE_OBJC_WEAK = YES;
				CLANG_WARN_BLOCK_CAPTURE_AUTORELEASING = YES;
				CLANG_WARN_BOOL_CONVERSION = YES;
				CLANG_WARN_COMMA = YES;
				CLANG_WARN_CONSTANT_CONVERSION = YES;
				CLANG_WARN_DEPRECATED_OBJC_IMPLEMENTATIONS = YES;
				CLANG_WARN_DIRECT_OBJC_ISA_USAGE = YES_ERROR;
				CLANG_WARN_DOCUMENTATION_COMMENTS = YES;
				CLANG_WARN_EMPTY_BODY = YES;
				CLANG_WARN_ENUM_CONVERSION = YES;
				CLANG_WARN_INFINITE_RECURSION = YES;
				CLANG_WARN_INT_CONVERSION = YES;
				CLANG_WARN_NON_LITERAL_NULL_CONVERSION = YES;
				CLANG_WARN_OBJC_IMPLICIT_RETAIN_SELF = YES;
				CLANG_WARN_OBJC_LITERAL_CONVERSION = YES;
				CLANG_WARN_OBJC_ROOT_CLASS = YES_ERROR;
				CLANG_WARN_QUOTED_INCLUDE_IN_FRAMEWORK_HEADER = YES;
				CLANG_WARN_RANGE_LOOP_ANALYSIS = YES;
				CLANG_WARN_STRICT_PROTOTYPES = YES;
				CLANG_WARN_SUSPICIOUS_MOVE = YES;
				CLANG_WARN_UNGUARDED_AVAILABILITY = YES_AGGRESSIVE;
				CLANG_WARN_UNREACHABLE_CODE = YES;
				CLANG_WARN__DUPLICATE_METHOD_MATCH = YES;
				COPY_PHASE_STRIP = NO;
				DEBUG_INFORMATION_FORMAT = dwarf;
				ENABLE_STRICT_OBJC_MSGSEND = YES;
				ENABLE_TESTABILITY = YES;
				GCC_C_LANGUAGE_STANDARD = gnu11;
				GCC_DYNAMIC_NO_PIC = NO;
				GCC_NO_COMMON_BLOCKS = YES;
				GCC_OPTIMIZATION_LEVEL = 0;
				GCC_PREPROCESSOR_DEFINITIONS = (
					"DEBUG=1",
					"$(inherited)",
				);
				GCC_WARN_64_TO_32_BIT_CONVERSION = YES;
				GCC_WARN_ABOUT_RETURN_TYPE = YES_ERROR;
				GCC_WARN_UNDECLARED_SELECTOR = YES;
				GCC_WARN_UNINITIALIZED_AUTOS = YES_AGGRESSIVE;
				GCC_WARN_UNUSED_FUNCTION = YES;
				GCC_WARN_UNUSED_VARIABLE = YES;
				MTL_ENABLE_DEBUG_INFO = INCLUDE_SOURCE;
				MTL_FAST_MATH = YES;
				ONLY_ACTIVE_ARCH = YES;
				SWIFT_ACTIVE_COMPILATION_CONDITIONS = DEBUG;
				SWIFT_OPTIMIZATION_LEVEL = "-Onone";
			};
			name = Debug;
		};
		F2261914267CCDD900CC3796 /* Release */ = {
			isa = XCBuildConfiguration;
			buildSettings = {
				ALWAYS_SEARCH_USER_PATHS = NO;
				CLANG_ANALYZER_NONNULL = YES;
				CLANG_ANALYZER_NUMBER_OBJECT_CONVERSION = YES_AGGRESSIVE;
				CLANG_CXX_LANGUAGE_STANDARD = "gnu++14";
				CLANG_CXX_LIBRARY = "libc++";
				CLANG_ENABLE_MODULES = YES;
				CLANG_ENABLE_OBJC_ARC = YES;
				CLANG_ENABLE_OBJC_WEAK = YES;
				CLANG_WARN_BLOCK_CAPTURE_AUTORELEASING = YES;
				CLANG_WARN_BOOL_CONVERSION = YES;
				CLANG_WARN_COMMA = YES;
				CLANG_WARN_CONSTANT_CONVERSION = YES;
				CLANG_WARN_DEPRECATED_OBJC_IMPLEMENTATIONS = YES;
				CLANG_WARN_DIRECT_OBJC_ISA_USAGE = YES_ERROR;
				CLANG_WARN_DOCUMENTATION_COMMENTS = YES;
				CLANG_WARN_EMPTY_BODY = YES;
				CLANG_WARN_ENUM_CONVERSION = YES;
				CLANG_WARN_INFINITE_RECURSION = YES;
				CLANG_WARN_INT_CONVERSION = YES;
				CLANG_WARN_NON_LITERAL_NULL_CONVERSION = YES;
				CLANG_WARN_OBJC_IMPLICIT_RETAIN_SELF = YES;
				CLANG_WARN_OBJC_LITERAL_CONVERSION = YES;
				CLANG_WARN_OBJC_ROOT_CLASS = YES_ERROR;
				CLANG_WARN_QUOTED_INCLUDE_IN_FRAMEWORK_HEADER = YES;
				CLANG_WARN_RANGE_LOOP_ANALYSIS = YES;
				CLANG_WARN_STRICT_PROTOTYPES = YES;
				CLANG_WARN_SUSPICIOUS_MOVE = YES;
				CLANG_WARN_UNGUARDED_AVAILABILITY = YES_AGGRESSIVE;
				CLANG_WARN_UNREACHABLE_CODE = YES;
				CLANG_WARN__DUPLICATE_METHOD_MATCH = YES;
				COPY_PHASE_STRIP = NO;
				DEBUG_INFORMATION_FORMAT = "dwarf-with-dsym";
				ENABLE_NS_ASSERTIONS = NO;
				ENABLE_STRICT_OBJC_MSGSEND = YES;
				GCC_C_LANGUAGE_STANDARD = gnu11;
				GCC_NO_COMMON_BLOCKS = YES;
				GCC_WARN_64_TO_32_BIT_CONVERSION = YES;
				GCC_WARN_ABOUT_RETURN_TYPE = YES_ERROR;
				GCC_WARN_UNDECLARED_SELECTOR = YES;
				GCC_WARN_UNINITIALIZED_AUTOS = YES_AGGRESSIVE;
				GCC_WARN_UNUSED_FUNCTION = YES;
				GCC_WARN_UNUSED_VARIABLE = YES;
				MTL_ENABLE_DEBUG_INFO = NO;
				MTL_FAST_MATH = YES;
				SWIFT_COMPILATION_MODE = wholemodule;
				SWIFT_OPTIMIZATION_LEVEL = "-O";
			};
			name = Release;
		};
		F2261916267CCDD900CC3796 /* Debug */ = {
			isa = XCBuildConfiguration;
			buildSettings = {
				ASSETCATALOG_COMPILER_APPICON_NAME = AppIcon;
				ASSETCATALOG_COMPILER_GLOBAL_ACCENT_COLOR_NAME = AccentColor;
				CODE_SIGN_STYLE = Automatic;
				CURRENT_PROJECT_VERSION = 1;
				DEVELOPMENT_TEAM = 77K8A6LAJ6;
				ENABLE_PREVIEWS = YES;
				GENERATE_INFOPLIST_FILE = YES;
				INFOPLIST_KEY_UIApplicationSceneManifest_Generation = YES;
				INFOPLIST_KEY_UIApplicationSupportsIndirectInputEvents = YES;
				INFOPLIST_KEY_UILaunchScreen_Generation = YES;
				INFOPLIST_KEY_UISupportedInterfaceOrientations_iPad = "UIInterfaceOrientationPortrait UIInterfaceOrientationPortraitUpsideDown UIInterfaceOrientationLandscapeLeft UIInterfaceOrientationLandscapeRight";
				INFOPLIST_KEY_UISupportedInterfaceOrientations_iPhone = "UIInterfaceOrientationPortrait UIInterfaceOrientationLandscapeLeft UIInterfaceOrientationLandscapeRight";
				IPHONEOS_DEPLOYMENT_TARGET = 14.0;
				LD_RUNPATH_SEARCH_PATHS = (
					"$(inherited)",
					"@executable_path/Frameworks",
				);
				MARKETING_VERSION = 1.0;
				PRODUCT_BUNDLE_IDENTIFIER = "WiiLink24.Open-Shop-Channel-Downloader";
				PRODUCT_NAME = "Open Shop Channel Downloader";
				SDKROOT = iphoneos;
				SWIFT_EMIT_LOC_STRINGS = YES;
				SWIFT_VERSION = 5.0;
				TARGETED_DEVICE_FAMILY = "1,2";
			};
			name = Debug;
		};
		F2261917267CCDD900CC3796 /* Release */ = {
			isa = XCBuildConfiguration;
			buildSettings = {
				ASSETCATALOG_COMPILER_APPICON_NAME = AppIcon;
				ASSETCATALOG_COMPILER_GLOBAL_ACCENT_COLOR_NAME = AccentColor;
				CODE_SIGN_STYLE = Automatic;
				CURRENT_PROJECT_VERSION = 1;
				DEVELOPMENT_TEAM = 77K8A6LAJ6;
				ENABLE_PREVIEWS = YES;
				GENERATE_INFOPLIST_FILE = YES;
				INFOPLIST_KEY_UIApplicationSceneManifest_Generation = YES;
				INFOPLIST_KEY_UIApplicationSupportsIndirectInputEvents = YES;
				INFOPLIST_KEY_UILaunchScreen_Generation = YES;
				INFOPLIST_KEY_UISupportedInterfaceOrientations_iPad = "UIInterfaceOrientationPortrait UIInterfaceOrientationPortraitUpsideDown UIInterfaceOrientationLandscapeLeft UIInterfaceOrientationLandscapeRight";
				INFOPLIST_KEY_UISupportedInterfaceOrientations_iPhone = "UIInterfaceOrientationPortrait UIInterfaceOrientationLandscapeLeft UIInterfaceOrientationLandscapeRight";
				IPHONEOS_DEPLOYMENT_TARGET = 14.0;
				LD_RUNPATH_SEARCH_PATHS = (
					"$(inherited)",
					"@executable_path/Frameworks",
				);
				MARKETING_VERSION = 1.0;
				PRODUCT_BUNDLE_IDENTIFIER = "WiiLink24.Open-Shop-Channel-Downloader";
				PRODUCT_NAME = "Open Shop Channel Downloader";
				SDKROOT = iphoneos;
				SWIFT_EMIT_LOC_STRINGS = YES;
				SWIFT_VERSION = 5.0;
				TARGETED_DEVICE_FAMILY = "1,2";
				VALIDATE_PRODUCT = YES;
			};
			name = Release;
		};
		F2261919267CCDD900CC3796 /* Debug */ = {
			isa = XCBuildConfiguration;
			buildSettings = {
				ASSETCATALOG_COMPILER_APPICON_NAME = AppIcon;
				ASSETCATALOG_COMPILER_GLOBAL_ACCENT_COLOR_NAME = AccentColor;
				CODE_SIGN_ENTITLEMENTS = "Open Shop Channel Downloader.entitlements";
				CODE_SIGN_IDENTITY = "Apple Development";
				CODE_SIGN_STYLE = Automatic;
				COMBINE_HIDPI_IMAGES = YES;
				CURRENT_PROJECT_VERSION = 1;
				DEVELOPMENT_TEAM = 77K8A6LAJ6;
				ENABLE_APP_SANDBOX = YES;
				ENABLE_HARDENED_RUNTIME = YES;
				ENABLE_PREVIEWS = YES;
				ENABLE_USER_SELECTED_FILES = readonly;
				GENERATE_INFOPLIST_FILE = YES;
				INFOPLIST_KEY_NSHumanReadableCopyright = "";
				LD_RUNPATH_SEARCH_PATHS = (
					"$(inherited)",
					"@executable_path/../Frameworks",
				);
				MACOSX_DEPLOYMENT_TARGET = 11.0;
				MARKETING_VERSION = 1.0;
				PRODUCT_BUNDLE_IDENTIFIER = "WiiLink24.Open-Shop-Channel-Downloader";
				PRODUCT_NAME = "Open Shop Channel Downloader";
				SDKROOT = macosx;
				SWIFT_EMIT_LOC_STRINGS = YES;
				SWIFT_VERSION = 5.0;
			};
			name = Debug;
		};
		F226191A267CCDD900CC3796 /* Release */ = {
			isa = XCBuildConfiguration;
			buildSettings = {
				ASSETCATALOG_COMPILER_APPICON_NAME = AppIcon;
				ASSETCATALOG_COMPILER_GLOBAL_ACCENT_COLOR_NAME = AccentColor;
				CODE_SIGN_ENTITLEMENTS = "Open Shop Channel Downloader.entitlements";
				CODE_SIGN_IDENTITY = "Apple Development";
				CODE_SIGN_STYLE = Automatic;
				COMBINE_HIDPI_IMAGES = YES;
				CURRENT_PROJECT_VERSION = 1;
				DEVELOPMENT_TEAM = 77K8A6LAJ6;
				ENABLE_APP_SANDBOX = YES;
				ENABLE_HARDENED_RUNTIME = YES;
				ENABLE_PREVIEWS = YES;
				ENABLE_USER_SELECTED_FILES = readonly;
				GENERATE_INFOPLIST_FILE = YES;
				INFOPLIST_KEY_NSHumanReadableCopyright = "";
				LD_RUNPATH_SEARCH_PATHS = (
					"$(inherited)",
					"@executable_path/../Frameworks",
				);
				MACOSX_DEPLOYMENT_TARGET = 11.0;
				MARKETING_VERSION = 1.0;
				PRODUCT_BUNDLE_IDENTIFIER = "WiiLink24.Open-Shop-Channel-Downloader";
				PRODUCT_NAME = "Open Shop Channel Downloader";
				SDKROOT = macosx;
				SWIFT_EMIT_LOC_STRINGS = YES;
				SWIFT_VERSION = 5.0;
			};
			name = Release;
		};
		F226191C267CCDD900CC3796 /* Debug */ = {
			isa = XCBuildConfiguration;
			buildSettings = {
				ALWAYS_EMBED_SWIFT_STANDARD_LIBRARIES = YES;
				CODE_SIGN_STYLE = Automatic;
				CURRENT_PROJECT_VERSION = 1;
				DEVELOPMENT_TEAM = 77K8A6LAJ6;
				GENERATE_INFOPLIST_FILE = YES;
				IPHONEOS_DEPLOYMENT_TARGET = 15.0;
				LD_RUNPATH_SEARCH_PATHS = (
					"$(inherited)",
					"@executable_path/Frameworks",
					"@loader_path/Frameworks",
				);
				MARKETING_VERSION = 1.0;
				PRODUCT_BUNDLE_IDENTIFIER = "WiiLink24.Tests-iOS";
				PRODUCT_NAME = "$(TARGET_NAME)";
				SDKROOT = iphoneos;
				SWIFT_EMIT_LOC_STRINGS = NO;
				SWIFT_VERSION = 5.0;
				TARGETED_DEVICE_FAMILY = "1,2";
				TEST_TARGET_NAME = "Open Shop Channel Downloader (iOS)";
			};
			name = Debug;
		};
		F226191D267CCDD900CC3796 /* Release */ = {
			isa = XCBuildConfiguration;
			buildSettings = {
				ALWAYS_EMBED_SWIFT_STANDARD_LIBRARIES = YES;
				CODE_SIGN_STYLE = Automatic;
				CURRENT_PROJECT_VERSION = 1;
				DEVELOPMENT_TEAM = 77K8A6LAJ6;
				GENERATE_INFOPLIST_FILE = YES;
				IPHONEOS_DEPLOYMENT_TARGET = 15.0;
				LD_RUNPATH_SEARCH_PATHS = (
					"$(inherited)",
					"@executable_path/Frameworks",
					"@loader_path/Frameworks",
				);
				MARKETING_VERSION = 1.0;
				PRODUCT_BUNDLE_IDENTIFIER = "WiiLink24.Tests-iOS";
				PRODUCT_NAME = "$(TARGET_NAME)";
				SDKROOT = iphoneos;
				SWIFT_EMIT_LOC_STRINGS = NO;
				SWIFT_VERSION = 5.0;
				TARGETED_DEVICE_FAMILY = "1,2";
				TEST_TARGET_NAME = "Open Shop Channel Downloader (iOS)";
				VALIDATE_PRODUCT = YES;
			};
			name = Release;
		};
		F226191F267CCDD900CC3796 /* Debug */ = {
			isa = XCBuildConfiguration;
			buildSettings = {
				ALWAYS_EMBED_SWIFT_STANDARD_LIBRARIES = YES;
				CODE_SIGN_STYLE = Automatic;
				COMBINE_HIDPI_IMAGES = YES;
				CURRENT_PROJECT_VERSION = 1;
				DEVELOPMENT_TEAM = 77K8A6LAJ6;
				GENERATE_INFOPLIST_FILE = YES;
				LD_RUNPATH_SEARCH_PATHS = (
					"$(inherited)",
					"@executable_path/../Frameworks",
					"@loader_path/../Frameworks",
				);
				MACOSX_DEPLOYMENT_TARGET = 12.0;
				MARKETING_VERSION = 1.0;
				PRODUCT_BUNDLE_IDENTIFIER = "WiiLink24.Tests-macOS";
				PRODUCT_NAME = "$(TARGET_NAME)";
				SDKROOT = macosx;
				SWIFT_EMIT_LOC_STRINGS = NO;
				SWIFT_VERSION = 5.0;
				TEST_TARGET_NAME = "Open Shop Channel Downloader (macOS)";
			};
			name = Debug;
		};
		F2261920267CCDD900CC3796 /* Release */ = {
			isa = XCBuildConfiguration;
			buildSettings = {
				ALWAYS_EMBED_SWIFT_STANDARD_LIBRARIES = YES;
				CODE_SIGN_STYLE = Automatic;
				COMBINE_HIDPI_IMAGES = YES;
				CURRENT_PROJECT_VERSION = 1;
				DEVELOPMENT_TEAM = 77K8A6LAJ6;
				GENERATE_INFOPLIST_FILE = YES;
				LD_RUNPATH_SEARCH_PATHS = (
					"$(inherited)",
					"@executable_path/../Frameworks",
					"@loader_path/../Frameworks",
				);
				MACOSX_DEPLOYMENT_TARGET = 12.0;
				MARKETING_VERSION = 1.0;
				PRODUCT_BUNDLE_IDENTIFIER = "WiiLink24.Tests-macOS";
				PRODUCT_NAME = "$(TARGET_NAME)";
				SDKROOT = macosx;
				SWIFT_EMIT_LOC_STRINGS = NO;
				SWIFT_VERSION = 5.0;
				TEST_TARGET_NAME = "Open Shop Channel Downloader (macOS)";
			};
			name = Release;
		};
/* End XCBuildConfiguration section */

/* Begin XCConfigurationList section */
		F22618E9267CCDD700CC3796 /* Build configuration list for PBXProject "Open Shop Channel Downloader" */ = {
			isa = XCConfigurationList;
			buildConfigurations = (
				F2261913267CCDD900CC3796 /* Debug */,
				F2261914267CCDD900CC3796 /* Release */,
			);
			defaultConfigurationIsVisible = 0;
			defaultConfigurationName = Release;
		};
		F2261915267CCDD900CC3796 /* Build configuration list for PBXNativeTarget "Open Shop Channel Downloader (iOS)" */ = {
			isa = XCConfigurationList;
			buildConfigurations = (
				F2261916267CCDD900CC3796 /* Debug */,
				F2261917267CCDD900CC3796 /* Release */,
			);
			defaultConfigurationIsVisible = 0;
			defaultConfigurationName = Release;
		};
		F2261918267CCDD900CC3796 /* Build configuration list for PBXNativeTarget "Open Shop Channel Downloader (macOS)" */ = {
			isa = XCConfigurationList;
			buildConfigurations = (
				F2261919267CCDD900CC3796 /* Debug */,
				F226191A267CCDD900CC3796 /* Release */,
			);
			defaultConfigurationIsVisible = 0;
			defaultConfigurationName = Release;
		};
		F226191B267CCDD900CC3796 /* Build configuration list for PBXNativeTarget "Tests iOS" */ = {
			isa = XCConfigurationList;
			buildConfigurations = (
				F226191C267CCDD900CC3796 /* Debug */,
				F226191D267CCDD900CC3796 /* Release */,
			);
			defaultConfigurationIsVisible = 0;
			defaultConfigurationName = Release;
		};
		F226191E267CCDD900CC3796 /* Build configuration list for PBXNativeTarget "Tests macOS" */ = {
			isa = XCConfigurationList;
			buildConfigurations = (
				F226191F267CCDD900CC3796 /* Debug */,
				F2261920267CCDD900CC3796 /* Release */,
			);
			defaultConfigurationIsVisible = 0;
			defaultConfigurationName = Release;
		};
/* End XCConfigurationList section */

/* Begin XCRemoteSwiftPackageReference section */
		F226192D267CCF5000CC3796 /* XCRemoteSwiftPackageReference "ZIPFoundation" */ = {
			isa = XCRemoteSwiftPackageReference;
			repositoryURL = "https://github.com/weichsel/ZIPFoundation";
			requirement = {
				kind = upToNextMajorVersion;
				minimumVersion = 0.9.9;
			};
		};
		F2261934267CD45800CC3796 /* XCRemoteSwiftPackageReference "swift-nio" */ = {
			isa = XCRemoteSwiftPackageReference;
			repositoryURL = "https://github.com/apple/swift-nio.git";
			requirement = {
				kind = upToNextMajorVersion;
				minimumVersion = 2.0.0;
			};
		};
/* End XCRemoteSwiftPackageReference section */

/* Begin XCSwiftPackageProductDependency section */
		F226192E267CCF5000CC3796 /* ZIPFoundation */ = {
			isa = XCSwiftPackageProductDependency;
			package = F226192D267CCF5000CC3796 /* XCRemoteSwiftPackageReference "ZIPFoundation" */;
			productName = ZIPFoundation;
		};
		F2261931267CCF8000CC3796 /* ZIPFoundation */ = {
			isa = XCSwiftPackageProductDependency;
			package = F226192D267CCF5000CC3796 /* XCRemoteSwiftPackageReference "ZIPFoundation" */;
			productName = ZIPFoundation;
		};
		F2261935267CD45800CC3796 /* NIO */ = {
			isa = XCSwiftPackageProductDependency;
			package = F2261934267CD45800CC3796 /* XCRemoteSwiftPackageReference "swift-nio" */;
			productName = NIO;
		};
		F2261937267CD46700CC3796 /* NIO */ = {
			isa = XCSwiftPackageProductDependency;
			package = F2261934267CD45800CC3796 /* XCRemoteSwiftPackageReference "swift-nio" */;
			productName = NIO;
		};
/* End XCSwiftPackageProductDependency section */
	};
	rootObject = F22618E6267CCDD700CC3796 /* Project object */;
}
